// !$*UTF8*$!
{
	archiveVersion = 1;
	classes = {
	};
	objectVersion = 50;
	objects = {

/* Begin PBXBuildFile section */
		7AB2742B2235F0F900588193 /* AppDelegate.m in Sources */ = {isa = PBXBuildFile; fileRef = 7AB2742A2235F0F900588193 /* AppDelegate.m */; };
		7AB2742E2235F0F900588193 /* ViewController.m in Sources */ = {isa = PBXBuildFile; fileRef = 7AB2742D2235F0F900588193 /* ViewController.m */; };
		7AB274312235F0F900588193 /* Main.storyboard in Resources */ = {isa = PBXBuildFile; fileRef = 7AB2742F2235F0F900588193 /* Main.storyboard */; };
		7AB274332235F0FA00588193 /* Assets.xcassets in Resources */ = {isa = PBXBuildFile; fileRef = 7AB274322235F0FA00588193 /* Assets.xcassets */; };
		7AB274362235F0FA00588193 /* LaunchScreen.storyboard in Resources */ = {isa = PBXBuildFile; fileRef = 7AB274342235F0FA00588193 /* LaunchScreen.storyboard */; };
		7AB274392235F0FA00588193 /* main.m in Sources */ = {isa = PBXBuildFile; fileRef = 7AB274382235F0FA00588193 /* main.m */; };
		7AB274412235F1AA00588193 /* VideoPlayerViewController.m in Sources */ = {isa = PBXBuildFile; fileRef = 7AB274402235F1AA00588193 /* VideoPlayerViewController.m */; };
		7AB274482235FC6600588193 /* SDPlayerManager.m in Sources */ = {isa = PBXBuildFile; fileRef = 7AB274472235FC6600588193 /* SDPlayerManager.m */; };
		7AB2744A2236052100588193 /* jlzg0226.mp4 in Resources */ = {isa = PBXBuildFile; fileRef = 7AB274492236052100588193 /* jlzg0226.mp4 */; };
		7AB2744E2238ED5400588193 /* PlayerControl.m in Sources */ = {isa = PBXBuildFile; fileRef = 7AB2744D2238ED5400588193 /* PlayerControl.m */; };
		7AB274512238ED7200588193 /* PlayerShowView.m in Sources */ = {isa = PBXBuildFile; fileRef = 7AB274502238ED7200588193 /* PlayerShowView.m */; };
		7AB274542238EDC800588193 /* SD_AVPlayerViewController.m in Sources */ = {isa = PBXBuildFile; fileRef = 7AB274532238EDC800588193 /* SD_AVPlayerViewController.m */; };
		A304EA3D7C0CC55237D6FC54 /* libPods-音视频项目.a in Frameworks */ = {isa = PBXBuildFile; fileRef = 88F22468473D7936E82E426D /* libPods-音视频项目.a */; };
/* End PBXBuildFile section */

/* Begin PBXFileReference section */
		7AB274262235F0F900588193 /* 音视频项目.app */ = {isa = PBXFileReference; explicitFileType = wrapper.application; includeInIndex = 0; path = "音视频项目.app"; sourceTree = BUILT_PRODUCTS_DIR; };
		7AB274292235F0F900588193 /* AppDelegate.h */ = {isa = PBXFileReference; lastKnownFileType = sourcecode.c.h; path = AppDelegate.h; sourceTree = "<group>"; };
		7AB2742A2235F0F900588193 /* AppDelegate.m */ = {isa = PBXFileReference; lastKnownFileType = sourcecode.c.objc; path = AppDelegate.m; sourceTree = "<group>"; };
		7AB2742C2235F0F900588193 /* ViewController.h */ = {isa = PBXFileReference; lastKnownFileType = sourcecode.c.h; path = ViewController.h; sourceTree = "<group>"; };
		7AB2742D2235F0F900588193 /* ViewController.m */ = {isa = PBXFileReference; lastKnownFileType = sourcecode.c.objc; path = ViewController.m; sourceTree = "<group>"; };
		7AB274302235F0F900588193 /* Base */ = {isa = PBXFileReference; lastKnownFileType = file.storyboard; name = Base; path = Base.lproj/Main.storyboard; sourceTree = "<group>"; };
		7AB274322235F0FA00588193 /* Assets.xcassets */ = {isa = PBXFileReference; lastKnownFileType = folder.assetcatalog; path = Assets.xcassets; sourceTree = "<group>"; };
		7AB274352235F0FA00588193 /* Base */ = {isa = PBXFileReference; lastKnownFileType = file.storyboard; name = Base; path = Base.lproj/LaunchScreen.storyboard; sourceTree = "<group>"; };
		7AB274372235F0FA00588193 /* Info.plist */ = {isa = PBXFileReference; lastKnownFileType = text.plist.xml; path = Info.plist; sourceTree = "<group>"; };
		7AB274382235F0FA00588193 /* main.m */ = {isa = PBXFileReference; lastKnownFileType = sourcecode.c.objc; path = main.m; sourceTree = "<group>"; };
		7AB2743F2235F1AA00588193 /* VideoPlayerViewController.h */ = {isa = PBXFileReference; lastKnownFileType = sourcecode.c.h; path = VideoPlayerViewController.h; sourceTree = "<group>"; };
		7AB274402235F1AA00588193 /* VideoPlayerViewController.m */ = {isa = PBXFileReference; lastKnownFileType = sourcecode.c.objc; path = VideoPlayerViewController.m; sourceTree = "<group>"; };
		7AB274462235FC6600588193 /* SDPlayerManager.h */ = {isa = PBXFileReference; lastKnownFileType = sourcecode.c.h; path = SDPlayerManager.h; sourceTree = "<group>"; };
		7AB274472235FC6600588193 /* SDPlayerManager.m */ = {isa = PBXFileReference; lastKnownFileType = sourcecode.c.objc; path = SDPlayerManager.m; sourceTree = "<group>"; };
		7AB274492236052100588193 /* jlzg0226.mp4 */ = {isa = PBXFileReference; lastKnownFileType = file; path = jlzg0226.mp4; sourceTree = "<group>"; };
		7AB2744C2238ED5400588193 /* PlayerControl.h */ = {isa = PBXFileReference; lastKnownFileType = sourcecode.c.h; path = PlayerControl.h; sourceTree = "<group>"; };
		7AB2744D2238ED5400588193 /* PlayerControl.m */ = {isa = PBXFileReference; lastKnownFileType = sourcecode.c.objc; path = PlayerControl.m; sourceTree = "<group>"; };
		7AB2744F2238ED7200588193 /* PlayerShowView.h */ = {isa = PBXFileReference; lastKnownFileType = sourcecode.c.h; path = PlayerShowView.h; sourceTree = "<group>"; };
		7AB274502238ED7200588193 /* PlayerShowView.m */ = {isa = PBXFileReference; lastKnownFileType = sourcecode.c.objc; path = PlayerShowView.m; sourceTree = "<group>"; };
		7AB274522238EDC800588193 /* SD_AVPlayerViewController.h */ = {isa = PBXFileReference; lastKnownFileType = sourcecode.c.h; path = SD_AVPlayerViewController.h; sourceTree = "<group>"; };
		7AB274532238EDC800588193 /* SD_AVPlayerViewController.m */ = {isa = PBXFileReference; lastKnownFileType = sourcecode.c.objc; path = SD_AVPlayerViewController.m; sourceTree = "<group>"; };
		88F22468473D7936E82E426D /* libPods-音视频项目.a */ = {isa = PBXFileReference; explicitFileType = archive.ar; includeInIndex = 0; path = "libPods-音视频项目.a"; sourceTree = BUILT_PRODUCTS_DIR; };
		AEA0EB42ADA35D876765FCDC /* Pods-音视频项目.release.xcconfig */ = {isa = PBXFileReference; includeInIndex = 1; lastKnownFileType = text.xcconfig; name = "Pods-音视频项目.release.xcconfig"; path = "Target Support Files/Pods-音视频项目/Pods-音视频项目.release.xcconfig"; sourceTree = "<group>"; };
		F69248B2252B2DB2454BCAC6 /* Pods-音视频项目.debug.xcconfig */ = {isa = PBXFileReference; includeInIndex = 1; lastKnownFileType = text.xcconfig; name = "Pods-音视频项目.debug.xcconfig"; path = "Target Support Files/Pods-音视频项目/Pods-音视频项目.debug.xcconfig"; sourceTree = "<group>"; };
/* End PBXFileReference section */

/* Begin PBXFrameworksBuildPhase section */
		7AB274232235F0F900588193 /* Frameworks */ = {
			isa = PBXFrameworksBuildPhase;
			buildActionMask = 2147483647;
			files = (
				A304EA3D7C0CC55237D6FC54 /* libPods-音视频项目.a in Frameworks */,
			);
			runOnlyForDeploymentPostprocessing = 0;
		};
/* End PBXFrameworksBuildPhase section */

/* Begin PBXGroup section */
		32D036D778FFB0823BE94C8D /* Frameworks */ = {
			isa = PBXGroup;
			children = (
				88F22468473D7936E82E426D /* libPods-音视频项目.a */,
			);
			name = Frameworks;
			sourceTree = "<group>";
		};
		7AB2741D2235F0F900588193 = {
			isa = PBXGroup;
			children = (
				7AB274282235F0F900588193 /* 音视频项目 */,
				7AB274272235F0F900588193 /* Products */,
				7FAF68EC0D98FAE2C13E82CE /* Pods */,
				32D036D778FFB0823BE94C8D /* Frameworks */,
			);
			sourceTree = "<group>";
		};
		7AB274272235F0F900588193 /* Products */ = {
			isa = PBXGroup;
			children = (
				7AB274262235F0F900588193 /* 音视频项目.app */,
			);
			name = Products;
			sourceTree = "<group>";
		};
		7AB274282235F0F900588193 /* 音视频项目 */ = {
			isa = PBXGroup;
			children = (
				7AB2744B2238ED1A00588193 /* Class */,
				7AB274452235FC3300588193 /* SDPlayer */,
				7AB274292235F0F900588193 /* AppDelegate.h */,
				7AB2742A2235F0F900588193 /* AppDelegate.m */,
				7AB2742C2235F0F900588193 /* ViewController.h */,
				7AB2742D2235F0F900588193 /* ViewController.m */,
				7AB2742F2235F0F900588193 /* Main.storyboard */,
				7AB274322235F0FA00588193 /* Assets.xcassets */,
				7AB274342235F0FA00588193 /* LaunchScreen.storyboard */,
				7AB274372235F0FA00588193 /* Info.plist */,
				7AB274382235F0FA00588193 /* main.m */,
				7AB274492236052100588193 /* jlzg0226.mp4 */,
				7AB2743F2235F1AA00588193 /* VideoPlayerViewController.h */,
				7AB274402235F1AA00588193 /* VideoPlayerViewController.m */,
			);
			path = "音视频项目";
			sourceTree = "<group>";
		};
		7AB274452235FC3300588193 /* SDPlayer */ = {
			isa = PBXGroup;
			children = (
				7AB274462235FC6600588193 /* SDPlayerManager.h */,
				7AB274472235FC6600588193 /* SDPlayerManager.m */,
			);
			path = SDPlayer;
			sourceTree = "<group>";
		};
		7AB2744B2238ED1A00588193 /* Class */ = {
			isa = PBXGroup;
			children = (
				7AB2744C2238ED5400588193 /* PlayerControl.h */,
				7AB2744D2238ED5400588193 /* PlayerControl.m */,
				7AB2744F2238ED7200588193 /* PlayerShowView.h */,
				7AB274502238ED7200588193 /* PlayerShowView.m */,
				7AB274522238EDC800588193 /* SD_AVPlayerViewController.h */,
				7AB274532238EDC800588193 /* SD_AVPlayerViewController.m */,
			);
			path = Class;
			sourceTree = "<group>";
		};
		7FAF68EC0D98FAE2C13E82CE /* Pods */ = {
			isa = PBXGroup;
			children = (
				F69248B2252B2DB2454BCAC6 /* Pods-音视频项目.debug.xcconfig */,
				AEA0EB42ADA35D876765FCDC /* Pods-音视频项目.release.xcconfig */,
			);
			path = Pods;
			sourceTree = "<group>";
		};
/* End PBXGroup section */

/* Begin PBXNativeTarget section */
		7AB274252235F0F900588193 /* 音视频项目 */ = {
			isa = PBXNativeTarget;
			buildConfigurationList = 7AB2743C2235F0FA00588193 /* Build configuration list for PBXNativeTarget "音视频项目" */;
			buildPhases = (
				8CD1EA4E72B82996023C6C92 /* [CP] Check Pods Manifest.lock */,
				7AB274222235F0F900588193 /* Sources */,
				7AB274232235F0F900588193 /* Frameworks */,
				7AB274242235F0F900588193 /* Resources */,
			);
			buildRules = (
			);
			dependencies = (
			);
			name = "音视频项目";
			productName = "音视频项目";
			productReference = 7AB274262235F0F900588193 /* 音视频项目.app */;
			productType = "com.apple.product-type.application";
		};
/* End PBXNativeTarget section */

/* Begin PBXProject section */
		7AB2741E2235F0F900588193 /* Project object */ = {
			isa = PBXProject;
			attributes = {
				LastUpgradeCheck = 1010;
				ORGANIZATIONNAME = WangDan;
				TargetAttributes = {
					7AB274252235F0F900588193 = {
						CreatedOnToolsVersion = 10.1;
					};
				};
			};
			buildConfigurationList = 7AB274212235F0F900588193 /* Build configuration list for PBXProject "音视频项目" */;
			compatibilityVersion = "Xcode 9.3";
			developmentRegion = en;
			hasScannedForEncodings = 0;
			knownRegions = (
				en,
				Base,
			);
			mainGroup = 7AB2741D2235F0F900588193;
			productRefGroup = 7AB274272235F0F900588193 /* Products */;
			projectDirPath = "";
			projectRoot = "";
			targets = (
				7AB274252235F0F900588193 /* 音视频项目 */,
			);
		};
/* End PBXProject section */

/* Begin PBXResourcesBuildPhase section */
		7AB274242235F0F900588193 /* Resources */ = {
			isa = PBXResourcesBuildPhase;
			buildActionMask = 2147483647;
			files = (
				7AB2744A2236052100588193 /* jlzg0226.mp4 in Resources */,
				7AB274362235F0FA00588193 /* LaunchScreen.storyboard in Resources */,
				7AB274332235F0FA00588193 /* Assets.xcassets in Resources */,
				7AB274312235F0F900588193 /* Main.storyboard in Resources */,
			);
			runOnlyForDeploymentPostprocessing = 0;
		};
/* End PBXResourcesBuildPhase section */

/* Begin PBXShellScriptBuildPhase section */
		8CD1EA4E72B82996023C6C92 /* [CP] Check Pods Manifest.lock */ = {
			isa = PBXShellScriptBuildPhase;
			buildActionMask = 2147483647;
			files = (
			);
			inputFileListPaths = (
			);
			inputPaths = (
				"${PODS_PODFILE_DIR_PATH}/Podfile.lock",
				"${PODS_ROOT}/Manifest.lock",
			);
			name = "[CP] Check Pods Manifest.lock";
			outputFileListPaths = (
			);
			outputPaths = (
				"$(DERIVED_FILE_DIR)/Pods-音视频项目-checkManifestLockResult.txt",
			);
			runOnlyForDeploymentPostprocessing = 0;
			shellPath = /bin/sh;
			shellScript = "diff \"${PODS_PODFILE_DIR_PATH}/Podfile.lock\" \"${PODS_ROOT}/Manifest.lock\" > /dev/null\nif [ $? != 0 ] ; then\n    # print error to STDERR\n    echo \"error: The sandbox is not in sync with the Podfile.lock. Run 'pod install' or update your CocoaPods installation.\" >&2\n    exit 1\nfi\n# This output is used by Xcode 'outputs' to avoid re-running this script phase.\necho \"SUCCESS\" > \"${SCRIPT_OUTPUT_FILE_0}\"\n";
			showEnvVarsInLog = 0;
		};
/* End PBXShellScriptBuildPhase section */

/* Begin PBXSourcesBuildPhase section */
		7AB274222235F0F900588193 /* Sources */ = {
			isa = PBXSourcesBuildPhase;
			buildActionMask = 2147483647;
			files = (
				7AB2744E2238ED5400588193 /* PlayerControl.m in Sources */,
				7AB2742E2235F0F900588193 /* ViewController.m in Sources */,
				7AB274412235F1AA00588193 /* VideoPlayerViewController.m in Sources */,
				7AB274512238ED7200588193 /* PlayerShowView.m in Sources */,
				7AB274392235F0FA00588193 /* main.m in Sources */,
				7AB274482235FC6600588193 /* SDPlayerManager.m in Sources */,
				7AB2742B2235F0F900588193 /* AppDelegate.m in Sources */,
				7AB274542238EDC800588193 /* SD_AVPlayerViewController.m in Sources */,
			);
			runOnlyForDeploymentPostprocessing = 0;
		};
/* End PBXSourcesBuildPhase section */

/* Begin PBXVariantGroup section */
		7AB2742F2235F0F900588193 /* Main.storyboard */ = {
			isa = PBXVariantGroup;
			children = (
				7AB274302235F0F900588193 /* Base */,
			);
			name = Main.storyboard;
			sourceTree = "<group>";
		};
		7AB274342235F0FA00588193 /* LaunchScreen.storyboard */ = {
			isa = PBXVariantGroup;
			children = (
				7AB274352235F0FA00588193 /* Base */,
			);
			name = LaunchScreen.storyboard;
			sourceTree = "<group>";
		};
/* End PBXVariantGroup section */

/* Begin XCBuildConfiguration section */
		7AB2743A2235F0FA00588193 /* Debug */ = {
			isa = XCBuildConfiguration;
			buildSettings = {
				ALWAYS_SEARCH_USER_PATHS = NO;
				CLANG_ANALYZER_NONNULL = YES;
				CLANG_ANALYZER_NUMBER_OBJECT_CONVERSION = YES_AGGRESSIVE;
				CLANG_CXX_LANGUAGE_STANDARD = "gnu++14";
				CLANG_CXX_LIBRARY = "libc++";
				CLANG_ENABLE_MODULES = YES;
				CLANG_ENABLE_OBJC_ARC = YES;
				CLANG_ENABLE_OBJC_WEAK = YES;
				CLANG_WARN_BLOCK_CAPTURE_AUTORELEASING = YES;
				CLANG_WARN_BOOL_CONVERSION = YES;
				CLANG_WARN_COMMA = YES;
				CLANG_WARN_CONSTANT_CONVERSION = YES;
				CLANG_WARN_DEPRECATED_OBJC_IMPLEMENTATIONS = YES;
				CLANG_WARN_DIRECT_OBJC_ISA_USAGE = YES_ERROR;
				CLANG_WARN_DOCUMENTATION_COMMENTS = YES;
				CLANG_WARN_EMPTY_BODY = YES;
				CLANG_WARN_ENUM_CONVERSION = YES;
				CLANG_WARN_INFINITE_RECURSION = YES;
				CLANG_WARN_INT_CONVERSION = YES;
				CLANG_WARN_NON_LITERAL_NULL_CONVERSION = YES;
				CLANG_WARN_OBJC_IMPLICIT_RETAIN_SELF = YES;
				CLANG_WARN_OBJC_LITERAL_CONVERSION = YES;
				CLANG_WARN_OBJC_ROOT_CLASS = YES_ERROR;
				CLANG_WARN_RANGE_LOOP_ANALYSIS = YES;
				CLANG_WARN_STRICT_PROTOTYPES = YES;
				CLANG_WARN_SUSPICIOUS_MOVE = YES;
				CLANG_WARN_UNGUARDED_AVAILABILITY = YES_AGGRESSIVE;
				CLANG_WARN_UNREACHABLE_CODE = YES;
				CLANG_WARN__DUPLICATE_METHOD_MATCH = YES;
				CODE_SIGN_IDENTITY = "iPhone Developer";
				COPY_PHASE_STRIP = NO;
				DEBUG_INFORMATION_FORMAT = dwarf;
				ENABLE_STRICT_OBJC_MSGSEND = YES;
				ENABLE_TESTABILITY = YES;
				GCC_C_LANGUAGE_STANDARD = gnu11;
				GCC_DYNAMIC_NO_PIC = NO;
				GCC_NO_COMMON_BLOCKS = YES;
				GCC_OPTIMIZATION_LEVEL = 0;
				GCC_PREPROCESSOR_DEFINITIONS = (
					"DEBUG=1",
					"$(inherited)",
				);
				GCC_WARN_64_TO_32_BIT_CONVERSION = YES;
				GCC_WARN_ABOUT_RETURN_TYPE = YES_ERROR;
				GCC_WARN_UNDECLARED_SELECTOR = YES;
				GCC_WARN_UNINITIALIZED_AUTOS = YES_AGGRESSIVE;
				GCC_WARN_UNUSED_FUNCTION = YES;
				GCC_WARN_UNUSED_VARIABLE = YES;
				IPHONEOS_DEPLOYMENT_TARGET = 12.1;
				MTL_ENABLE_DEBUG_INFO = INCLUDE_SOURCE;
				MTL_FAST_MATH = YES;
				ONLY_ACTIVE_ARCH = YES;
				SDKROOT = iphoneos;
			};
			name = Debug;
		};
		7AB2743B2235F0FA00588193 /* Release */ = {
			isa = XCBuildConfiguration;
			buildSettings = {
				ALWAYS_SEARCH_USER_PATHS = NO;
				CLANG_ANALYZER_NONNULL = YES;
				CLANG_ANALYZER_NUMBER_OBJECT_CONVERSION = YES_AGGRESSIVE;
				CLANG_CXX_LANGUAGE_STANDARD = "gnu++14";
				CLANG_CXX_LIBRARY = "libc++";
				CLANG_ENABLE_MODULES = YES;
				CLANG_ENABLE_OBJC_ARC = YES;
				CLANG_ENABLE_OBJC_WEAK = YES;
				CLANG_WARN_BLOCK_CAPTURE_AUTORELEASING = YES;
				CLANG_WARN_BOOL_CONVERSION = YES;
				CLANG_WARN_COMMA = YES;
				CLANG_WARN_CONSTANT_CONVERSION = YES;
				CLANG_WARN_DEPRECATED_OBJC_IMPLEMENTATIONS = YES;
				CLANG_WARN_DIRECT_OBJC_ISA_USAGE = YES_ERROR;
				CLANG_WARN_DOCUMENTATION_COMMENTS = YES;
				CLANG_WARN_EMPTY_BODY = YES;
				CLANG_WARN_ENUM_CONVERSION = YES;
				CLANG_WARN_INFINITE_RECURSION = YES;
				CLANG_WARN_INT_CONVERSION = YES;
				CLANG_WARN_NON_LITERAL_NULL_CONVERSION = YES;
				CLANG_WARN_OBJC_IMPLICIT_RETAIN_SELF = YES;
				CLANG_WARN_OBJC_LITERAL_CONVERSION = YES;
				CLANG_WARN_OBJC_ROOT_CLASS = YES_ERROR;
				CLANG_WARN_RANGE_LOOP_ANALYSIS = YES;
				CLANG_WARN_STRICT_PROTOTYPES = YES;
				CLANG_WARN_SUSPICIOUS_MOVE = YES;
				CLANG_WARN_UNGUARDED_AVAILABILITY = YES_AGGRESSIVE;
				CLANG_WARN_UNREACHABLE_CODE = YES;
				CLANG_WARN__DUPLICATE_METHOD_MATCH = YES;
				CODE_SIGN_IDENTITY = "iPhone Developer";
				COPY_PHASE_STRIP = NO;
				DEBUG_INFORMATION_FORMAT = "dwarf-with-dsym";
				ENABLE_NS_ASSERTIONS = NO;
				ENABLE_STRICT_OBJC_MSGSEND = YES;
				GCC_C_LANGUAGE_STANDARD = gnu11;
				GCC_NO_COMMON_BLOCKS = YES;
				GCC_WARN_64_TO_32_BIT_CONVERSION = YES;
				GCC_WARN_ABOUT_RETURN_TYPE = YES_ERROR;
				GCC_WARN_UNDECLARED_SELECTOR = YES;
				GCC_WARN_UNINITIALIZED_AUTOS = YES_AGGRESSIVE;
				GCC_WARN_UNUSED_FUNCTION = YES;
				GCC_WARN_UNUSED_VARIABLE = YES;
				IPHONEOS_DEPLOYMENT_TARGET = 12.1;
				MTL_ENABLE_DEBUG_INFO = NO;
				MTL_FAST_MATH = YES;
				SDKROOT = iphoneos;
				VALIDATE_PRODUCT = YES;
			};
			name = Release;
		};
		7AB2743D2235F0FA00588193 /* Debug */ = {
			isa = XCBuildConfiguration;
			baseConfigurationReference = F69248B2252B2DB2454BCAC6 /* Pods-音视频项目.debug.xcconfig */;
			buildSettings = {
				ASSETCATALOG_COMPILER_APPICON_NAME = AppIcon;
				CODE_SIGN_STYLE = Automatic;
				DEVELOPMENT_TEAM = 8SJC8P4YK8;
				INFOPLIST_FILE = "音视频项目/Info.plist";
				IPHONEOS_DEPLOYMENT_TARGET = 11.0;
				LD_RUNPATH_SEARCH_PATHS = (
					"$(inherited)",
					"@executable_path/Frameworks",
				);
				PRODUCT_BUNDLE_IDENTIFIER = "com.super.-----";
				PRODUCT_NAME = "$(TARGET_NAME)";
				TARGETED_DEVICE_FAMILY = "1,2";
			};
			name = Debug;
		};
		7AB2743E2235F0FA00588193 /* Release */ = {
			isa = XCBuildConfiguration;
			baseConfigurationReference = AEA0EB42ADA35D876765FCDC /* Pods-音视频项目.release.xcconfig */;
			buildSettings = {
				ASSETCATALOG_COMPILER_APPICON_NAME = AppIcon;
				CODE_SIGN_STYLE = Automatic;
				DEVELOPMENT_TEAM = 8SJC8P4YK8;
				INFOPLIST_FILE = "音视频项目/Info.plist";
				IPHONEOS_DEPLOYMENT_TARGET = 11.0;
				LD_RUNPATH_SEARCH_PATHS = (
					"$(inherited)",
					"@executable_path/Frameworks",
				);
				PRODUCT_BUNDLE_IDENTIFIER = "com.super.-----";
				PRODUCT_NAME = "$(TARGET_NAME)";
				TARGETED_DEVICE_FAMILY = "1,2";
			};
			name = Release;
		};
/* End XCBuildConfiguration section */

/* Begin XCConfigurationList section */
		7AB274212235F0F900588193 /* Build configuration list for PBXProject "音视频项目" */ = {
			isa = XCConfigurationList;
			buildConfigurations = (
				7AB2743A2235F0FA00588193 /* Debug */,
				7AB2743B2235F0FA00588193 /* Release */,
			);
			defaultConfigurationIsVisible = 0;
			defaultConfigurationName = Release;
		};
		7AB2743C2235F0FA00588193 /* Build configuration list for PBXNativeTarget "音视频项目" */ = {
			isa = XCConfigurationList;
			buildConfigurations = (
				7AB2743D2235F0FA00588193 /* Debug */,
				7AB2743E2235F0FA00588193 /* Release */,
			);
			defaultConfigurationIsVisible = 0;
			defaultConfigurationName = Release;
		};
/* End XCConfigurationList section */
	};
	rootObject = 7AB2741E2235F0F900588193 /* Project object */;
}
